
Microsoft Visual Studio Solution File, Format Version 12.00
# Visual Studio 15
VisualStudioVersion = 15.0.27428.2037
MinimumVisualStudioVersion = 10.0.40219.1
Project("{E24C65DC-7377-472B-9ABA-BC803B73C61A}") = "TestGitHubDeploy", "TestGitHubDeploy\", "{0E85A0E6-DD14-4253-9098-99C15711DFC5}"
	ProjectSection(WebsiteProperties) = preProject
		TargetFrameworkMoniker = ".NETFramework,Version%3Dv4.6.1"
		Debug.AspNetCompiler.VirtualPath = "/localhost_50720"
		Debug.AspNetCompiler.PhysicalPath = "TestGitHubDeploy\"
		Debug.AspNetCompiler.TargetPath = "PrecompiledWeb\localhost_50720\"
		Debug.AspNetCompiler.Updateable = "true"
		Debug.AspNetCompiler.ForceOverwrite = "true"
		Debug.AspNetCompiler.FixedNames = "false"
		Debug.AspNetCompiler.Debug = "True"
		Release.AspNetCompiler.VirtualPath = "/localhost_50720"
		Release.AspNetCompiler.PhysicalPath = "TestGitHubDeploy\"
		Release.AspNetCompiler.TargetPath = "PrecompiledWeb\localhost_50720\"
		Release.AspNetCompiler.Updateable = "true"
		Release.AspNetCompiler.ForceOverwrite = "true"
		Release.AspNetCompiler.FixedNames = "false"
		Release.AspNetCompiler.Debug = "False"
		VWDPort = "50720"
		DefaultWebSiteLanguage = "Visual Basic"
	EndProjectSection
EndProject
Global
	GlobalSection(SolutionConfigurationPlatforms) = preSolution
		Debug|Any CPU = Debug|Any CPU
	EndGlobalSection
	GlobalSection(ProjectConfigurationPlatforms) = postSolution
		{0E85A0E6-DD14-4253-9098-99C15711DFC5}.Debug|Any CPU.ActiveCfg = Debug|Any CPU
		{0E85A0E6-DD14-4253-9098-99C15711DFC5}.Debug|Any CPU.Build.0 = Debug|Any CPU
	EndGlobalSection
	GlobalSection(SolutionProperties) = preSolution
		HideSolutionNode = FALSE
	EndGlobalSection
	GlobalSection(ExtensibilityGlobals) = postSolution
		SolutionGuid = {82A0D602-B79C-4CCF-A646-8018840994D9}
	EndGlobalSection
EndGlobal
